# This file is automatically @generated by Cargo.
# It is not intended for manual editing.
version = 4

[[package]]
name = "big_s"
version = "1.0.2"
source = "registry+https://github.com/rust-lang/crates.io-index"
checksum = "199edb7b90631283b10c2422e6a0bc8b7d987bf732995ba1de53b576c97e51a8"

[[package]]
name = "conc"
version = "0.1.0"
dependencies = [
 "big_s",
]
